
Microsoft Visual Studio Solution File, Format Version 12.00
# Visual Studio Version 17
VisualStudioVersion = 17.11.35327.3
MinimumVisualStudioVersion = 10.0.40219.1
Project("{FAE04EC0-301F-11D3-BF4B-00C04F79EFBC}") = "ExamenR_JAGS", "ExamenR_JAGS.csproj", "{2B2AE8D2-A2E7-4165-BEA0-D7A7B0FBDF36}"
EndProject
Global
	GlobalSection(SolutionConfigurationPlatforms) = preSolution
		Debug|Any CPU = Debug|Any CPU
		Release|Any CPU = Release|Any CPU
	EndGlobalSection
	GlobalSection(ProjectConfigurationPlatforms) = postSolution
		{2B2AE8D2-A2E7-4165-BEA0-D7A7B0FBDF36}.Debug|Any CPU.ActiveCfg = Debug|Any CPU
		{2B2AE8D2-A2E7-4165-BEA0-D7A7B0FBDF36}.Debug|Any CPU.Build.0 = Debug|Any CPU
		{2B2AE8D2-A2E7-4165-BEA0-D7A7B0FBDF36}.Release|Any CPU.ActiveCfg = Release|Any CPU
		{2B2AE8D2-A2E7-4165-BEA0-D7A7B0FBDF36}.Release|Any CPU.Build.0 = Release|Any CPU
	EndGlobalSection
	GlobalSection(SolutionProperties) = preSolution
		HideSolutionNode = FALSE
	EndGlobalSection
	GlobalSection(ExtensibilityGlobals) = postSolution
		SolutionGuid = {761BD400-8F46-42B4-A2DD-14178AF4FEA0}
	EndGlobalSection
EndGlobal
